{
  "name": "git-tangle",
  "version": "0.1.0",
  "lockfileVersion": 3,
  "requires": true,
  "packages": {
    "": {
      "name": "git-tangle",
      "version": "0.1.0",
      "license": "MIT",
      "bin": {
        "git-tangle": "bin/git-tangle.js"
      },
      "engines": {
        "node": ">=18.3.0"
      }
    }
  }
}
